
Microsoft Visual Studio Solution File, Format Version 12.00
# Visual Studio Version 17
VisualStudioVersion = 17.9.34607.119
MinimumVisualStudioVersion = 10.0.40219.1
Project("{FAE04EC0-301F-11D3-BF4B-00C04F79EFBC}") = "PasswordHashing", "PasswordHashing\PasswordHashing.csproj", "{7CD10DD4-738B-4F20-99F7-34E01C797450}"
EndProject
Global
	GlobalSection(SolutionConfigurationPlatforms) = preSolution
		Debug|Any CPU = Debug|Any CPU
		Release|Any CPU = Release|Any CPU
	EndGlobalSection
	GlobalSection(ProjectConfigurationPlatforms) = postSolution
		{7CD10DD4-738B-4F20-99F7-34E01C797450}.Debug|Any CPU.ActiveCfg = Debug|Any CPU
		{7CD10DD4-738B-4F20-99F7-34E01C797450}.Debug|Any CPU.Build.0 = Debug|Any CPU
		{7CD10DD4-738B-4F20-99F7-34E01C797450}.Release|Any CPU.ActiveCfg = Release|Any CPU
		{7CD10DD4-738B-4F20-99F7-34E01C797450}.Release|Any CPU.Build.0 = Release|Any CPU
	EndGlobalSection
	GlobalSection(SolutionProperties) = preSolution
		HideSolutionNode = FALSE
	EndGlobalSection
	GlobalSection(ExtensibilityGlobals) = postSolution
		SolutionGuid = {F4AD28BF-1BC3-4446-A7B1-A22573D612D6}
	EndGlobalSection
EndGlobal
